
Microsoft Visual Studio Solution File, Format Version 12.00
# Visual Studio 2012
Project("{FAE04EC0-301F-11D3-BF4B-00C04F79EFBC}") = "PaperShip", "AChat\PaperShip.csproj", "{2526A3C4-1CED-42EF-AD12-4B1E3634F05D}"
EndProject
Project("{FAE04EC0-301F-11D3-BF4B-00C04F79EFBC}") = "TestTCPClient", "TestTCPClient\TestTCPClient.csproj", "{F3BA4B8A-FCF3-4457-8789-ABDFB693F7B6}"
EndProject
Global
	GlobalSection(SolutionConfigurationPlatforms) = preSolution
		Debug|iPhoneSimulator = Debug|iPhoneSimulator
		Release|iPhone = Release|iPhone
		Release|iPhoneSimulator = Release|iPhoneSimulator
		Debug|iPhone = Debug|iPhone
	EndGlobalSection
	GlobalSection(ProjectConfigurationPlatforms) = postSolution
		{2526A3C4-1CED-42EF-AD12-4B1E3634F05D}.Debug|iPhoneSimulator.ActiveCfg = Debug|iPhoneSimulator
		{2526A3C4-1CED-42EF-AD12-4B1E3634F05D}.Debug|iPhoneSimulator.Build.0 = Debug|iPhoneSimulator
		{2526A3C4-1CED-42EF-AD12-4B1E3634F05D}.Release|iPhone.ActiveCfg = Release|iPhone
		{2526A3C4-1CED-42EF-AD12-4B1E3634F05D}.Release|iPhone.Build.0 = Release|iPhone
		{2526A3C4-1CED-42EF-AD12-4B1E3634F05D}.Release|iPhoneSimulator.ActiveCfg = Release|iPhoneSimulator
		{2526A3C4-1CED-42EF-AD12-4B1E3634F05D}.Release|iPhoneSimulator.Build.0 = Release|iPhoneSimulator
		{2526A3C4-1CED-42EF-AD12-4B1E3634F05D}.Debug|iPhone.ActiveCfg = Debug|iPhone
		{2526A3C4-1CED-42EF-AD12-4B1E3634F05D}.Debug|iPhone.Build.0 = Debug|iPhone
		{F3BA4B8A-FCF3-4457-8789-ABDFB693F7B6}.Debug|iPhoneSimulator.ActiveCfg = Debug|iPhoneSimulator
		{F3BA4B8A-FCF3-4457-8789-ABDFB693F7B6}.Debug|iPhoneSimulator.Build.0 = Debug|iPhoneSimulator
		{F3BA4B8A-FCF3-4457-8789-ABDFB693F7B6}.Release|iPhone.ActiveCfg = Release|iPhoneSimulator
		{F3BA4B8A-FCF3-4457-8789-ABDFB693F7B6}.Release|iPhone.Build.0 = Release|iPhoneSimulator
		{F3BA4B8A-FCF3-4457-8789-ABDFB693F7B6}.Release|iPhoneSimulator.ActiveCfg = Release|iPhoneSimulator
		{F3BA4B8A-FCF3-4457-8789-ABDFB693F7B6}.Release|iPhoneSimulator.Build.0 = Release|iPhoneSimulator
		{F3BA4B8A-FCF3-4457-8789-ABDFB693F7B6}.Debug|iPhone.ActiveCfg = Debug|iPhoneSimulator
		{F3BA4B8A-FCF3-4457-8789-ABDFB693F7B6}.Debug|iPhone.Build.0 = Debug|iPhoneSimulator
	EndGlobalSection
	GlobalSection(MonoDevelopProperties) = preSolution
		BaseDirectory = ../PaperShip
	EndGlobalSection
EndGlobal
